
Microsoft Visual Studio Solution File, Format Version 12.00
# Visual Studio 2012
# SharpDevelop 5.1
VisualStudioVersion = 12.0.20827.3
MinimumVisualStudioVersion = 10.0.40219.1
Project("{FAE04EC0-301F-11D3-BF4B-00C04F79EFBC}") = "Logging", "Logging\Logging.csproj", "{517728DB-1EF1-4845-A678-CE1001492856}"
EndProject
Project("{FAE04EC0-301F-11D3-BF4B-00C04F79EFBC}") = "AlwaysNoCheat", "AlwaysNoCheat\AlwaysNoCheat.csproj", "{ABD35EC4-F8D6-4AFD-B2ED-2296ADF1CD1F}"
EndProject
Project("{FAE04EC0-301F-11D3-BF4B-00C04F79EFBC}") = "BDSBaseLib", "BDSBaseLib\BDSBaseLib.csproj", "{CD9CCA4E-2796-401A-9FC5-5E21165957C5}"
EndProject
Project("{FAE04EC0-301F-11D3-BF4B-00C04F79EFBC}") = "Testcase", "Testcase\Testcase.csproj", "{E45B1153-ED6C-4188-8402-542629847203}"
EndProject
Project("{FAE04EC0-301F-11D3-BF4B-00C04F79EFBC}") = "Visitor", "Visitor\Visitor.csproj", "{EF71BE68-EB03-4529-8D30-5BCE06939166}"
EndProject
Project("{F184B08F-C81C-45F6-A57F-5ABD9991F28F}") = "Vbtest", "Vbtest\Vbtest.vbproj", "{493FBFDD-1AB0-4578-B4FF-ED1DDE4C3576}"
EndProject
Global
	GlobalSection(SolutionConfigurationPlatforms) = preSolution
		Debug|Any CPU = Debug|Any CPU
		Release|Any CPU = Release|Any CPU
	EndGlobalSection
	GlobalSection(ProjectConfigurationPlatforms) = postSolution
		{517728DB-1EF1-4845-A678-CE1001492856}.Debug|Any CPU.ActiveCfg = Debug|Any CPU
		{517728DB-1EF1-4845-A678-CE1001492856}.Debug|Any CPU.Build.0 = Debug|Any CPU
		{517728DB-1EF1-4845-A678-CE1001492856}.Release|Any CPU.ActiveCfg = Release|Any CPU
		{517728DB-1EF1-4845-A678-CE1001492856}.Release|Any CPU.Build.0 = Release|Any CPU
		{ABD35EC4-F8D6-4AFD-B2ED-2296ADF1CD1F}.Debug|Any CPU.ActiveCfg = Debug|Any CPU
		{ABD35EC4-F8D6-4AFD-B2ED-2296ADF1CD1F}.Debug|Any CPU.Build.0 = Debug|Any CPU
		{ABD35EC4-F8D6-4AFD-B2ED-2296ADF1CD1F}.Release|Any CPU.ActiveCfg = Release|Any CPU
		{ABD35EC4-F8D6-4AFD-B2ED-2296ADF1CD1F}.Release|Any CPU.Build.0 = Release|Any CPU
		{CD9CCA4E-2796-401A-9FC5-5E21165957C5}.Debug|Any CPU.ActiveCfg = Debug|Any CPU
		{CD9CCA4E-2796-401A-9FC5-5E21165957C5}.Debug|Any CPU.Build.0 = Debug|Any CPU
		{CD9CCA4E-2796-401A-9FC5-5E21165957C5}.Release|Any CPU.ActiveCfg = Release|Any CPU
		{CD9CCA4E-2796-401A-9FC5-5E21165957C5}.Release|Any CPU.Build.0 = Release|Any CPU
		{E45B1153-ED6C-4188-8402-542629847203}.Debug|Any CPU.ActiveCfg = Debug|Any CPU
		{E45B1153-ED6C-4188-8402-542629847203}.Debug|Any CPU.Build.0 = Debug|Any CPU
		{E45B1153-ED6C-4188-8402-542629847203}.Release|Any CPU.ActiveCfg = Release|Any CPU
		{E45B1153-ED6C-4188-8402-542629847203}.Release|Any CPU.Build.0 = Release|Any CPU
		{EF71BE68-EB03-4529-8D30-5BCE06939166}.Debug|Any CPU.ActiveCfg = Debug|Any CPU
		{EF71BE68-EB03-4529-8D30-5BCE06939166}.Debug|Any CPU.Build.0 = Debug|Any CPU
		{EF71BE68-EB03-4529-8D30-5BCE06939166}.Release|Any CPU.ActiveCfg = Release|Any CPU
		{EF71BE68-EB03-4529-8D30-5BCE06939166}.Release|Any CPU.Build.0 = Release|Any CPU
		{493FBFDD-1AB0-4578-B4FF-ED1DDE4C3576}.Debug|Any CPU.ActiveCfg = Debug|Any CPU
		{493FBFDD-1AB0-4578-B4FF-ED1DDE4C3576}.Debug|Any CPU.Build.0 = Debug|Any CPU
		{493FBFDD-1AB0-4578-B4FF-ED1DDE4C3576}.Release|Any CPU.ActiveCfg = Release|Any CPU
		{493FBFDD-1AB0-4578-B4FF-ED1DDE4C3576}.Release|Any CPU.Build.0 = Release|Any CPU
	EndGlobalSection
EndGlobal
